// !$*UTF8*$!
{
	archiveVersion = 1;
	classes = {
	};
	objectVersion = 46;
	objects = {

/* Begin PBXBuildFile section */
		2F22C0E11A5994EC0091B47B /* BFPlayer.m in Sources */ = {isa = PBXBuildFile; fileRef = 2F22C0E01A5994EC0091B47B /* BFPlayer.m */; };
		2F22C0E41A59967A0091B47B /* BFParty.m in Sources */ = {isa = PBXBuildFile; fileRef = 2F22C0E31A59967A0091B47B /* BFParty.m */; };
		2F22C0E61A5997440091B47B /* Party.xml in Resources */ = {isa = PBXBuildFile; fileRef = 2F22C0E51A5997440091B47B /* Party.xml */; };
		2F22C0E91A5997830091B47B /* BFPartyParser.m in Sources */ = {isa = PBXBuildFile; fileRef = 2F22C0E81A5997830091B47B /* BFPartyParser.m */; };
		2F27EFD81A598CAF000109A0 /* Foundation.framework in Frameworks */ = {isa = PBXBuildFile; fileRef = 2F27EFD71A598CAF000109A0 /* Foundation.framework */; };
		2F27EFDA1A598CAF000109A0 /* CoreGraphics.framework in Frameworks */ = {isa = PBXBuildFile; fileRef = 2F27EFD91A598CAF000109A0 /* CoreGraphics.framework */; };
		2F27EFDC1A598CAF000109A0 /* UIKit.framework in Frameworks */ = {isa = PBXBuildFile; fileRef = 2F27EFDB1A598CAF000109A0 /* UIKit.framework */; };
		2F27EFE21A598CAF000109A0 /* InfoPlist.strings in Resources */ = {isa = PBXBuildFile; fileRef = 2F27EFE01A598CAF000109A0 /* InfoPlist.strings */; };
		2F27EFE41A598CAF000109A0 /* main.m in Sources */ = {isa = PBXBuildFile; fileRef = 2F27EFE31A598CAF000109A0 /* main.m */; };
		2F27EFE81A598CAF000109A0 /* BFAppDelegate.m in Sources */ = {isa = PBXBuildFile; fileRef = 2F27EFE71A598CAF000109A0 /* BFAppDelegate.m */; };
		2F27EFEB1A598CAF000109A0 /* Main.storyboard in Resources */ = {isa = PBXBuildFile; fileRef = 2F27EFE91A598CAF000109A0 /* Main.storyboard */; };
		2F27EFEE1A598CAF000109A0 /* BFViewController.m in Sources */ = {isa = PBXBuildFile; fileRef = 2F27EFED1A598CAF000109A0 /* BFViewController.m */; };
		2F27EFF01A598CAF000109A0 /* Images.xcassets in Resources */ = {isa = PBXBuildFile; fileRef = 2F27EFEF1A598CAF000109A0 /* Images.xcassets */; };
		2F27EFF71A598CAF000109A0 /* XCTest.framework in Frameworks */ = {isa = PBXBuildFile; fileRef = 2F27EFF61A598CAF000109A0 /* XCTest.framework */; };
		2F27EFF81A598CAF000109A0 /* Foundation.framework in Frameworks */ = {isa = PBXBuildFile; fileRef = 2F27EFD71A598CAF000109A0 /* Foundation.framework */; };
		2F27EFF91A598CAF000109A0 /* UIKit.framework in Frameworks */ = {isa = PBXBuildFile; fileRef = 2F27EFDB1A598CAF000109A0 /* UIKit.framework */; };
		2F27F0011A598CB0000109A0 /* InfoPlist.strings in Resources */ = {isa = PBXBuildFile; fileRef = 2F27EFFF1A598CB0000109A0 /* InfoPlist.strings */; };
		2F27F0031A598CB0000109A0 /* XMLTestTests.m in Sources */ = {isa = PBXBuildFile; fileRef = 2F27F0021A598CB0000109A0 /* XMLTestTests.m */; };
		2F27F00E1A59900F000109A0 /* GDataXMLNode.m in Sources */ = {isa = PBXBuildFile; fileRef = 2F27F00D1A59900F000109A0 /* GDataXMLNode.m */; settings = {COMPILER_FLAGS = "-fno-objc-arc"; }; };
		2FF44E4F1A675E6D000B1152 /* NewXMLParser.m in Sources */ = {isa = PBXBuildFile; fileRef = 2FF44E4E1A675E6D000B1152 /* NewXMLParser.m */; };
		2FF44E511A676A99000B1152 /* products.xml in Resources */ = {isa = PBXBuildFile; fileRef = 2FF44E501A676A99000B1152 /* products.xml */; };
		2FF44E661A67711F000B1152 /* AFHTTPRequestOperation.m in Sources */ = {isa = PBXBuildFile; fileRef = 2FF44E541A67711F000B1152 /* AFHTTPRequestOperation.m */; };
		2FF44E671A67711F000B1152 /* AFHTTPRequestOperationManager.m in Sources */ = {isa = PBXBuildFile; fileRef = 2FF44E561A67711F000B1152 /* AFHTTPRequestOperationManager.m */; };
		2FF44E681A67711F000B1152 /* AFHTTPSessionManager.m in Sources */ = {isa = PBXBuildFile; fileRef = 2FF44E581A67711F000B1152 /* AFHTTPSessionManager.m */; };
		2FF44E691A67711F000B1152 /* AFNetworkReachabilityManager.m in Sources */ = {isa = PBXBuildFile; fileRef = 2FF44E5B1A67711F000B1152 /* AFNetworkReachabilityManager.m */; };
		2FF44E6A1A67711F000B1152 /* AFSecurityPolicy.m in Sources */ = {isa = PBXBuildFile; fileRef = 2FF44E5D1A67711F000B1152 /* AFSecurityPolicy.m */; };
		2FF44E6B1A67711F000B1152 /* AFURLConnectionOperation.m in Sources */ = {isa = PBXBuildFile; fileRef = 2FF44E5F1A67711F000B1152 /* AFURLConnectionOperation.m */; };
		2FF44E6C1A67711F000B1152 /* AFURLRequestSerialization.m in Sources */ = {isa = PBXBuildFile; fileRef = 2FF44E611A67711F000B1152 /* AFURLRequestSerialization.m */; };
		2FF44E6D1A67711F000B1152 /* AFURLResponseSerialization.m in Sources */ = {isa = PBXBuildFile; fileRef = 2FF44E631A67711F000B1152 /* AFURLResponseSerialization.m */; };
		2FF44E6E1A67711F000B1152 /* AFURLSessionManager.m in Sources */ = {isa = PBXBuildFile; fileRef = 2FF44E651A67711F000B1152 /* AFURLSessionManager.m */; };
		2FF44E811A67713A000B1152 /* AFNetworkActivityIndicatorManager.m in Sources */ = {isa = PBXBuildFile; fileRef = 2FF44E711A67713A000B1152 /* AFNetworkActivityIndicatorManager.m */; };
		2FF44E821A67713A000B1152 /* UIActivityIndicatorView+AFNetworking.m in Sources */ = {isa = PBXBuildFile; fileRef = 2FF44E731A67713A000B1152 /* UIActivityIndicatorView+AFNetworking.m */; };
		2FF44E831A67713A000B1152 /* UIAlertView+AFNetworking.m in Sources */ = {isa = PBXBuildFile; fileRef = 2FF44E751A67713A000B1152 /* UIAlertView+AFNetworking.m */; };
		2FF44E841A67713A000B1152 /* UIButton+AFNetworking.m in Sources */ = {isa = PBXBuildFile; fileRef = 2FF44E771A67713A000B1152 /* UIButton+AFNetworking.m */; };
		2FF44E851A67713A000B1152 /* UIImageView+AFNetworking.m in Sources */ = {isa = PBXBuildFile; fileRef = 2FF44E791A67713A000B1152 /* UIImageView+AFNetworking.m */; };
		2FF44E861A67713A000B1152 /* UIProgressView+AFNetworking.m in Sources */ = {isa = PBXBuildFile; fileRef = 2FF44E7C1A67713A000B1152 /* UIProgressView+AFNetworking.m */; };
		2FF44E871A67713A000B1152 /* UIRefreshControl+AFNetworking.m in Sources */ = {isa = PBXBuildFile; fileRef = 2FF44E7E1A67713A000B1152 /* UIRefreshControl+AFNetworking.m */; };
		2FF44E881A67713A000B1152 /* UIWebView+AFNetworking.m in Sources */ = {isa = PBXBuildFile; fileRef = 2FF44E801A67713A000B1152 /* UIWebView+AFNetworking.m */; };
/* End PBXBuildFile section */

/* Begin PBXContainerItemProxy section */
		2F27EFFA1A598CAF000109A0 /* PBXContainerItemProxy */ = {
			isa = PBXContainerItemProxy;
			containerPortal = 2F27EFCC1A598CAE000109A0 /* Project object */;
			proxyType = 1;
			remoteGlobalIDString = 2F27EFD31A598CAF000109A0;
			remoteInfo = XMLTest;
		};
/* End PBXContainerItemProxy section */

/* Begin PBXFileReference section */
		2F22C0DF1A5994EC0091B47B /* BFPlayer.h */ = {isa = PBXFileReference; fileEncoding = 4; lastKnownFileType = sourcecode.c.h; path = BFPlayer.h; sourceTree = "<group>"; };
		2F22C0E01A5994EC0091B47B /* BFPlayer.m */ = {isa = PBXFileReference; fileEncoding = 4; lastKnownFileType = sourcecode.c.objc; path = BFPlayer.m; sourceTree = "<group>"; };
		2F22C0E21A59967A0091B47B /* BFParty.h */ = {isa = PBXFileReference; fileEncoding = 4; lastKnownFileType = sourcecode.c.h; path = BFParty.h; sourceTree = "<group>"; };
		2F22C0E31A59967A0091B47B /* BFParty.m */ = {isa = PBXFileReference; fileEncoding = 4; lastKnownFileType = sourcecode.c.objc; path = BFParty.m; sourceTree = "<group>"; };
		2F22C0E51A5997440091B47B /* Party.xml */ = {isa = PBXFileReference; fileEncoding = 4; lastKnownFileType = text.xml; path = Party.xml; sourceTree = "<group>"; };
		2F22C0E71A5997830091B47B /* BFPartyParser.h */ = {isa = PBXFileReference; fileEncoding = 4; lastKnownFileType = sourcecode.c.h; path = BFPartyParser.h; sourceTree = "<group>"; };
		2F22C0E81A5997830091B47B /* BFPartyParser.m */ = {isa = PBXFileReference; fileEncoding = 4; lastKnownFileType = sourcecode.c.objc; path = BFPartyParser.m; sourceTree = "<group>"; };
		2F27EFD41A598CAF000109A0 /* XMLTest.app */ = {isa = PBXFileReference; explicitFileType = wrapper.application; includeInIndex = 0; path = XMLTest.app; sourceTree = BUILT_PRODUCTS_DIR; };
		2F27EFD71A598CAF000109A0 /* Foundation.framework */ = {isa = PBXFileReference; lastKnownFileType = wrapper.framework; name = Foundation.framework; path = System/Library/Frameworks/Foundation.framework; sourceTree = SDKROOT; };
		2F27EFD91A598CAF000109A0 /* CoreGraphics.framework */ = {isa = PBXFileReference; lastKnownFileType = wrapper.framework; name = CoreGraphics.framework; path = System/Library/Frameworks/CoreGraphics.framework; sourceTree = SDKROOT; };
		2F27EFDB1A598CAF000109A0 /* UIKit.framework */ = {isa = PBXFileReference; lastKnownFileType = wrapper.framework; name = UIKit.framework; path = System/Library/Frameworks/UIKit.framework; sourceTree = SDKROOT; };
		2F27EFDF1A598CAF000109A0 /* XMLTest-Info.plist */ = {isa = PBXFileReference; lastKnownFileType = text.plist.xml; path = "XMLTest-Info.plist"; sourceTree = "<group>"; };
		2F27EFE11A598CAF000109A0 /* en */ = {isa = PBXFileReference; lastKnownFileType = text.plist.strings; name = en; path = en.lproj/InfoPlist.strings; sourceTree = "<group>"; };
		2F27EFE31A598CAF000109A0 /* main.m */ = {isa = PBXFileReference; lastKnownFileType = sourcecode.c.objc; path = main.m; sourceTree = "<group>"; };
		2F27EFE51A598CAF000109A0 /* XMLTest-Prefix.pch */ = {isa = PBXFileReference; lastKnownFileType = sourcecode.c.h; path = "XMLTest-Prefix.pch"; sourceTree = "<group>"; };
		2F27EFE61A598CAF000109A0 /* BFAppDelegate.h */ = {isa = PBXFileReference; lastKnownFileType = sourcecode.c.h; path = BFAppDelegate.h; sourceTree = "<group>"; };
		2F27EFE71A598CAF000109A0 /* BFAppDelegate.m */ = {isa = PBXFileReference; lastKnownFileType = sourcecode.c.objc; path = BFAppDelegate.m; sourceTree = "<group>"; };
		2F27EFEA1A598CAF000109A0 /* Base */ = {isa = PBXFileReference; lastKnownFileType = file.storyboard; name = Base; path = Base.lproj/Main.storyboard; sourceTree = "<group>"; };
		2F27EFEC1A598CAF000109A0 /* BFViewController.h */ = {isa = PBXFileReference; lastKnownFileType = sourcecode.c.h; path = BFViewController.h; sourceTree = "<group>"; };
		2F27EFED1A598CAF000109A0 /* BFViewController.m */ = {isa = PBXFileReference; lastKnownFileType = sourcecode.c.objc; path = BFViewController.m; sourceTree = "<group>"; };
		2F27EFEF1A598CAF000109A0 /* Images.xcassets */ = {isa = PBXFileReference; lastKnownFileType = folder.assetcatalog; path = Images.xcassets; sourceTree = "<group>"; };
		2F27EFF51A598CAF000109A0 /* XMLTestTests.xctest */ = {isa = PBXFileReference; explicitFileType = wrapper.cfbundle; includeInIndex = 0; path = XMLTestTests.xctest; sourceTree = BUILT_PRODUCTS_DIR; };
		2F27EFF61A598CAF000109A0 /* XCTest.framework */ = {isa = PBXFileReference; lastKnownFileType = wrapper.framework; name = XCTest.framework; path = Library/Frameworks/XCTest.framework; sourceTree = DEVELOPER_DIR; };
		2F27EFFE1A598CB0000109A0 /* XMLTestTests-Info.plist */ = {isa = PBXFileReference; lastKnownFileType = text.plist.xml; path = "XMLTestTests-Info.plist"; sourceTree = "<group>"; };
		2F27F0001A598CB0000109A0 /* en */ = {isa = PBXFileReference; lastKnownFileType = text.plist.strings; name = en; path = en.lproj/InfoPlist.strings; sourceTree = "<group>"; };
		2F27F0021A598CB0000109A0 /* XMLTestTests.m */ = {isa = PBXFileReference; lastKnownFileType = sourcecode.c.objc; path = XMLTestTests.m; sourceTree = "<group>"; };
		2F27F00C1A59900F000109A0 /* GDataXMLNode.h */ = {isa = PBXFileReference; fileEncoding = 4; lastKnownFileType = sourcecode.c.h; path = GDataXMLNode.h; sourceTree = "<group>"; };
		2F27F00D1A59900F000109A0 /* GDataXMLNode.m */ = {isa = PBXFileReference; fileEncoding = 4; lastKnownFileType = sourcecode.c.objc; path = GDataXMLNode.m; sourceTree = "<group>"; };
		2FF44E4D1A675E6D000B1152 /* NewXMLParser.h */ = {isa = PBXFileReference; fileEncoding = 4; lastKnownFileType = sourcecode.c.h; path = NewXMLParser.h; sourceTree = "<group>"; };
		2FF44E4E1A675E6D000B1152 /* NewXMLParser.m */ = {isa = PBXFileReference; fileEncoding = 4; lastKnownFileType = sourcecode.c.objc; path = NewXMLParser.m; sourceTree = "<group>"; };
		2FF44E501A676A99000B1152 /* products.xml */ = {isa = PBXFileReference; fileEncoding = 4; lastKnownFileType = text.xml; path = products.xml; sourceTree = "<group>"; };
		2FF44E531A67711F000B1152 /* AFHTTPRequestOperation.h */ = {isa = PBXFileReference; fileEncoding = 4; lastKnownFileType = sourcecode.c.h; path = AFHTTPRequestOperation.h; sourceTree = "<group>"; };
		2FF44E541A67711F000B1152 /* AFHTTPRequestOperation.m */ = {isa = PBXFileReference; fileEncoding = 4; lastKnownFileType = sourcecode.c.objc; path = AFHTTPRequestOperation.m; sourceTree = "<group>"; };
		2FF44E551A67711F000B1152 /* AFHTTPRequestOperationManager.h */ = {isa = PBXFileReference; fileEncoding = 4; lastKnownFileType = sourcecode.c.h; path = AFHTTPRequestOperationManager.h; sourceTree = "<group>"; };
		2FF44E561A67711F000B1152 /* AFHTTPRequestOperationManager.m */ = {isa = PBXFileReference; fileEncoding = 4; lastKnownFileType = sourcecode.c.objc; path = AFHTTPRequestOperationManager.m; sourceTree = "<group>"; };
		2FF44E571A67711F000B1152 /* AFHTTPSessionManager.h */ = {isa = PBXFileReference; fileEncoding = 4; lastKnownFileType = sourcecode.c.h; path = AFHTTPSessionManager.h; sourceTree = "<group>"; };
		2FF44E581A67711F000B1152 /* AFHTTPSessionManager.m */ = {isa = PBXFileReference; fileEncoding = 4; lastKnownFileType = sourcecode.c.objc; path = AFHTTPSessionManager.m; sourceTree = "<group>"; };
		2FF44E591A67711F000B1152 /* AFNetworking.h */ = {isa = PBXFileReference; fileEncoding = 4; lastKnownFileType = sourcecode.c.h; path = AFNetworking.h; sourceTree = "<group>"; };
		2FF44E5A1A67711F000B1152 /* AFNetworkReachabilityManager.h */ = {isa = PBXFileReference; fileEncoding = 4; lastKnownFileType = sourcecode.c.h; path = AFNetworkReachabilityManager.h; sourceTree = "<group>"; };
		2FF44E5B1A67711F000B1152 /* AFNetworkReachabilityManager.m */ = {isa = PBXFileReference; fileEncoding = 4; lastKnownFileType = sourcecode.c.objc; path = AFNetworkReachabilityManager.m; sourceTree = "<group>"; };
		2FF44E5C1A67711F000B1152 /* AFSecurityPolicy.h */ = {isa = PBXFileReference; fileEncoding = 4; lastKnownFileType = sourcecode.c.h; path = AFSecurityPolicy.h; sourceTree = "<group>"; };
		2FF44E5D1A67711F000B1152 /* AFSecurityPolicy.m */ = {isa = PBXFileReference; fileEncoding = 4; lastKnownFileType = sourcecode.c.objc; path = AFSecurityPolicy.m; sourceTree = "<group>"; };
		2FF44E5E1A67711F000B1152 /* AFURLConnectionOperation.h */ = {isa = PBXFileReference; fileEncoding = 4; lastKnownFileType = sourcecode.c.h; path = AFURLConnectionOperation.h; sourceTree = "<group>"; };
		2FF44E5F1A67711F000B1152 /* AFURLConnectionOperation.m */ = {isa = PBXFileReference; fileEncoding = 4; lastKnownFileType = sourcecode.c.objc; path = AFURLConnectionOperation.m; sourceTree = "<group>"; };
		2FF44E601A67711F000B1152 /* AFURLRequestSerialization.h */ = {isa = PBXFileReference; fileEncoding = 4; lastKnownFileType = sourcecode.c.h; path = AFURLRequestSerialization.h; sourceTree = "<group>"; };
		2FF44E611A67711F000B1152 /* AFURLRequestSerialization.m */ = {isa = PBXFileReference; fileEncoding = 4; lastKnownFileType = sourcecode.c.objc; path = AFURLRequestSerialization.m; sourceTree = "<group>"; };
		2FF44E621A67711F000B1152 /* AFURLResponseSerialization.h */ = {isa = PBXFileReference; fileEncoding = 4; lastKnownFileType = sourcecode.c.h; path = AFURLResponseSerialization.h; sourceTree = "<group>"; };
		2FF44E631A67711F000B1152 /* AFURLResponseSerialization.m */ = {isa = PBXFileReference; fileEncoding = 4; lastKnownFileType = sourcecode.c.objc; path = AFURLResponseSerialization.m; sourceTree = "<group>"; };
		2FF44E641A67711F000B1152 /* AFURLSessionManager.h */ = {isa = PBXFileReference; fileEncoding = 4; lastKnownFileType = sourcecode.c.h; path = AFURLSessionManager.h; sourceTree = "<group>"; };
		2FF44E651A67711F000B1152 /* AFURLSessionManager.m */ = {isa = PBXFileReference; fileEncoding = 4; lastKnownFileType = sourcecode.c.objc; path = AFURLSessionManager.m; sourceTree = "<group>"; };
		2FF44E701A67713A000B1152 /* AFNetworkActivityIndicatorManager.h */ = {isa = PBXFileReference; fileEncoding = 4; lastKnownFileType = sourcecode.c.h; path = AFNetworkActivityIndicatorManager.h; sourceTree = "<group>"; };
		2FF44E711A67713A000B1152 /* AFNetworkActivityIndicatorManager.m */ = {isa = PBXFileReference; fileEncoding = 4; lastKnownFileType = sourcecode.c.objc; path = AFNetworkActivityIndicatorManager.m; sourceTree = "<group>"; };
		2FF44E721A67713A000B1152 /* UIActivityIndicatorView+AFNetworking.h */ = {isa = PBXFileReference; fileEncoding = 4; lastKnownFileType = sourcecode.c.h; path = "UIActivityIndicatorView+AFNetworking.h"; sourceTree = "<group>"; };
		2FF44E731A67713A000B1152 /* UIActivityIndicatorView+AFNetworking.m */ = {isa = PBXFileReference; fileEncoding = 4; lastKnownFileType = sourcecode.c.objc; path = "UIActivityIndicatorView+AFNetworking.m"; sourceTree = "<group>"; };
		2FF44E741A67713A000B1152 /* UIAlertView+AFNetworking.h */ = {isa = PBXFileReference; fileEncoding = 4; lastKnownFileType = sourcecode.c.h; path = "UIAlertView+AFNetworking.h"; sourceTree = "<group>"; };
		2FF44E751A67713A000B1152 /* UIAlertView+AFNetworking.m */ = {isa = PBXFileReference; fileEncoding = 4; lastKnownFileType = sourcecode.c.objc; path = "UIAlertView+AFNetworking.m"; sourceTree = "<group>"; };
		2FF44E761A67713A000B1152 /* UIButton+AFNetworking.h */ = {isa = PBXFileReference; fileEncoding = 4; lastKnownFileType = sourcecode.c.h; path = "UIButton+AFNetworking.h"; sourceTree = "<group>"; };
		2FF44E771A67713A000B1152 /* UIButton+AFNetworking.m */ = {isa = PBXFileReference; fileEncoding = 4; lastKnownFileType = sourcecode.c.objc; path = "UIButton+AFNetworking.m"; sourceTree = "<group>"; };
		2FF44E781A67713A000B1152 /* UIImageView+AFNetworking.h */ = {isa = PBXFileReference; fileEncoding = 4; lastKnownFileType = sourcecode.c.h; path = "UIImageView+AFNetworking.h"; sourceTree = "<group>"; };
		2FF44E791A67713A000B1152 /* UIImageView+AFNetworking.m */ = {isa = PBXFileReference; fileEncoding = 4; lastKnownFileType = sourcecode.c.objc; path = "UIImageView+AFNetworking.m"; sourceTree = "<group>"; };
		2FF44E7A1A67713A000B1152 /* UIKit+AFNetworking.h */ = {isa = PBXFileReference; fileEncoding = 4; lastKnownFileType = sourcecode.c.h; path = "UIKit+AFNetworking.h"; sourceTree = "<group>"; };
		2FF44E7B1A67713A000B1152 /* UIProgressView+AFNetworking.h */ = {isa = PBXFileReference; fileEncoding = 4; lastKnownFileType = sourcecode.c.h; path = "UIProgressView+AFNetworking.h"; sourceTree = "<group>"; };
		2FF44E7C1A67713A000B1152 /* UIProgressView+AFNetworking.m */ = {isa = PBXFileReference; fileEncoding = 4; lastKnownFileType = sourcecode.c.objc; path = "UIProgressView+AFNetworking.m"; sourceTree = "<group>"; };
		2FF44E7D1A67713A000B1152 /* UIRefreshControl+AFNetworking.h */ = {isa = PBXFileReference; fileEncoding = 4; lastKnownFileType = sourcecode.c.h; path = "UIRefreshControl+AFNetworking.h"; sourceTree = "<group>"; };
		2FF44E7E1A67713A000B1152 /* UIRefreshControl+AFNetworking.m */ = {isa = PBXFileReference; fileEncoding = 4; lastKnownFileType = sourcecode.c.objc; path = "UIRefreshControl+AFNetworking.m"; sourceTree = "<group>"; };
		2FF44E7F1A67713A000B1152 /* UIWebView+AFNetworking.h */ = {isa = PBXFileReference; fileEncoding = 4; lastKnownFileType = sourcecode.c.h; path = "UIWebView+AFNetworking.h"; sourceTree = "<group>"; };
		2FF44E801A67713A000B1152 /* UIWebView+AFNetworking.m */ = {isa = PBXFileReference; fileEncoding = 4; lastKnownFileType = sourcecode.c.objc; path = "UIWebView+AFNetworking.m"; sourceTree = "<group>"; };
/* End PBXFileReference section */

/* Begin PBXFrameworksBuildPhase section */
		2F27EFD11A598CAF000109A0 /* Frameworks */ = {
			isa = PBXFrameworksBuildPhase;
			buildActionMask = 2147483647;
			files = (
				2F27EFDA1A598CAF000109A0 /* CoreGraphics.framework in Frameworks */,
				2F27EFDC1A598CAF000109A0 /* UIKit.framework in Frameworks */,
				2F27EFD81A598CAF000109A0 /* Foundation.framework in Frameworks */,
			);
			runOnlyForDeploymentPostprocessing = 0;
		};
		2F27EFF21A598CAF000109A0 /* Frameworks */ = {
			isa = PBXFrameworksBuildPhase;
			buildActionMask = 2147483647;
			files = (
				2F27EFF71A598CAF000109A0 /* XCTest.framework in Frameworks */,
				2F27EFF91A598CAF000109A0 /* UIKit.framework in Frameworks */,
				2F27EFF81A598CAF000109A0 /* Foundation.framework in Frameworks */,
			);
			runOnlyForDeploymentPostprocessing = 0;
		};
/* End PBXFrameworksBuildPhase section */

/* Begin PBXGroup section */
		2F27EFCB1A598CAE000109A0 = {
			isa = PBXGroup;
			children = (
				2F27EFDD1A598CAF000109A0 /* XMLTest */,
				2F27EFFC1A598CAF000109A0 /* XMLTestTests */,
				2F27EFD61A598CAF000109A0 /* Frameworks */,
				2F27EFD51A598CAF000109A0 /* Products */,
			);
			sourceTree = "<group>";
		};
		2F27EFD51A598CAF000109A0 /* Products */ = {
			isa = PBXGroup;
			children = (
				2F27EFD41A598CAF000109A0 /* XMLTest.app */,
				2F27EFF51A598CAF000109A0 /* XMLTestTests.xctest */,
			);
			name = Products;
			sourceTree = "<group>";
		};
		2F27EFD61A598CAF000109A0 /* Frameworks */ = {
			isa = PBXGroup;
			children = (
				2F27EFD71A598CAF000109A0 /* Foundation.framework */,
				2F27EFD91A598CAF000109A0 /* CoreGraphics.framework */,
				2F27EFDB1A598CAF000109A0 /* UIKit.framework */,
				2F27EFF61A598CAF000109A0 /* XCTest.framework */,
			);
			name = Frameworks;
			sourceTree = "<group>";
		};
		2F27EFDD1A598CAF000109A0 /* XMLTest */ = {
			isa = PBXGroup;
			children = (
				2FF44E521A67711F000B1152 /* AFNetworking */,
				2FF44E6F1A67713A000B1152 /* UIKit+AFNetworking */,
				2F27EFE61A598CAF000109A0 /* BFAppDelegate.h */,
				2F27EFE71A598CAF000109A0 /* BFAppDelegate.m */,
				2F27EFE91A598CAF000109A0 /* Main.storyboard */,
				2F27EFEC1A598CAF000109A0 /* BFViewController.h */,
				2F27EFED1A598CAF000109A0 /* BFViewController.m */,
				2F27F00C1A59900F000109A0 /* GDataXMLNode.h */,
				2F27F00D1A59900F000109A0 /* GDataXMLNode.m */,
				2F22C0DF1A5994EC0091B47B /* BFPlayer.h */,
				2F22C0E01A5994EC0091B47B /* BFPlayer.m */,
				2F22C0E21A59967A0091B47B /* BFParty.h */,
				2F22C0E31A59967A0091B47B /* BFParty.m */,
				2F22C0E71A5997830091B47B /* BFPartyParser.h */,
				2F22C0E81A5997830091B47B /* BFPartyParser.m */,
				2FF44E4D1A675E6D000B1152 /* NewXMLParser.h */,
				2FF44E4E1A675E6D000B1152 /* NewXMLParser.m */,
				2F22C0E51A5997440091B47B /* Party.xml */,
				2FF44E501A676A99000B1152 /* products.xml */,
				2F27EFEF1A598CAF000109A0 /* Images.xcassets */,
				2F27EFDE1A598CAF000109A0 /* Supporting Files */,
			);
			path = XMLTest;
			sourceTree = "<group>";
		};
		2F27EFDE1A598CAF000109A0 /* Supporting Files */ = {
			isa = PBXGroup;
			children = (
				2F27EFDF1A598CAF000109A0 /* XMLTest-Info.plist */,
				2F27EFE01A598CAF000109A0 /* InfoPlist.strings */,
				2F27EFE31A598CAF000109A0 /* main.m */,
				2F27EFE51A598CAF000109A0 /* XMLTest-Prefix.pch */,
			);
			name = "Supporting Files";
			sourceTree = "<group>";
		};
		2F27EFFC1A598CAF000109A0 /* XMLTestTests */ = {
			isa = PBXGroup;
			children = (
				2F27F0021A598CB0000109A0 /* XMLTestTests.m */,
				2F27EFFD1A598CB0000109A0 /* Supporting Files */,
			);
			path = XMLTestTests;
			sourceTree = "<group>";
		};
		2F27EFFD1A598CB0000109A0 /* Supporting Files */ = {
			isa = PBXGroup;
			children = (
				2F27EFFE1A598CB0000109A0 /* XMLTestTests-Info.plist */,
				2F27EFFF1A598CB0000109A0 /* InfoPlist.strings */,
			);
			name = "Supporting Files";
			sourceTree = "<group>";
		};
		2FF44E521A67711F000B1152 /* AFNetworking */ = {
			isa = PBXGroup;
			children = (
				2FF44E531A67711F000B1152 /* AFHTTPRequestOperation.h */,
				2FF44E541A67711F000B1152 /* AFHTTPRequestOperation.m */,
				2FF44E551A67711F000B1152 /* AFHTTPRequestOperationManager.h */,
				2FF44E561A67711F000B1152 /* AFHTTPRequestOperationManager.m */,
				2FF44E571A67711F000B1152 /* AFHTTPSessionManager.h */,
				2FF44E581A67711F000B1152 /* AFHTTPSessionManager.m */,
				2FF44E591A67711F000B1152 /* AFNetworking.h */,
				2FF44E5A1A67711F000B1152 /* AFNetworkReachabilityManager.h */,
				2FF44E5B1A67711F000B1152 /* AFNetworkReachabilityManager.m */,
				2FF44E5C1A67711F000B1152 /* AFSecurityPolicy.h */,
				2FF44E5D1A67711F000B1152 /* AFSecurityPolicy.m */,
				2FF44E5E1A67711F000B1152 /* AFURLConnectionOperation.h */,
				2FF44E5F1A67711F000B1152 /* AFURLConnectionOperation.m */,
				2FF44E601A67711F000B1152 /* AFURLRequestSerialization.h */,
				2FF44E611A67711F000B1152 /* AFURLRequestSerialization.m */,
				2FF44E621A67711F000B1152 /* AFURLResponseSerialization.h */,
				2FF44E631A67711F000B1152 /* AFURLResponseSerialization.m */,
				2FF44E641A67711F000B1152 /* AFURLSessionManager.h */,
				2FF44E651A67711F000B1152 /* AFURLSessionManager.m */,
			);
			path = AFNetworking;
			sourceTree = "<group>";
		};
		2FF44E6F1A67713A000B1152 /* UIKit+AFNetworking */ = {
			isa = PBXGroup;
			children = (
				2FF44E701A67713A000B1152 /* AFNetworkActivityIndicatorManager.h */,
				2FF44E711A67713A000B1152 /* AFNetworkActivityIndicatorManager.m */,
				2FF44E721A67713A000B1152 /* UIActivityIndicatorView+AFNetworking.h */,
				2FF44E731A67713A000B1152 /* UIActivityIndicatorView+AFNetworking.m */,
				2FF44E741A67713A000B1152 /* UIAlertView+AFNetworking.h */,
				2FF44E751A67713A000B1152 /* UIAlertView+AFNetworking.m */,
				2FF44E761A67713A000B1152 /* UIButton+AFNetworking.h */,
				2FF44E771A67713A000B1152 /* UIButton+AFNetworking.m */,
				2FF44E781A67713A000B1152 /* UIImageView+AFNetworking.h */,
				2FF44E791A67713A000B1152 /* UIImageView+AFNetworking.m */,
				2FF44E7A1A67713A000B1152 /* UIKit+AFNetworking.h */,
				2FF44E7B1A67713A000B1152 /* UIProgressView+AFNetworking.h */,
				2FF44E7C1A67713A000B1152 /* UIProgressView+AFNetworking.m */,
				2FF44E7D1A67713A000B1152 /* UIRefreshControl+AFNetworking.h */,
				2FF44E7E1A67713A000B1152 /* UIRefreshControl+AFNetworking.m */,
				2FF44E7F1A67713A000B1152 /* UIWebView+AFNetworking.h */,
				2FF44E801A67713A000B1152 /* UIWebView+AFNetworking.m */,
			);
			path = "UIKit+AFNetworking";
			sourceTree = "<group>";
		};
/* End PBXGroup section */

/* Begin PBXNativeTarget section */
		2F27EFD31A598CAF000109A0 /* XMLTest */ = {
			isa = PBXNativeTarget;
			buildConfigurationList = 2F27F0061A598CB0000109A0 /* Build configuration list for PBXNativeTarget "XMLTest" */;
			buildPhases = (
				2F27EFD01A598CAF000109A0 /* Sources */,
				2F27EFD11A598CAF000109A0 /* Frameworks */,
				2F27EFD21A598CAF000109A0 /* Resources */,
			);
			buildRules = (
			);
			dependencies = (
			);
			name = XMLTest;
			productName = XMLTest;
			productReference = 2F27EFD41A598CAF000109A0 /* XMLTest.app */;
			productType = "com.apple.product-type.application";
		};
		2F27EFF41A598CAF000109A0 /* XMLTestTests */ = {
			isa = PBXNativeTarget;
			buildConfigurationList = 2F27F0091A598CB0000109A0 /* Build configuration list for PBXNativeTarget "XMLTestTests" */;
			buildPhases = (
				2F27EFF11A598CAF000109A0 /* Sources */,
				2F27EFF21A598CAF000109A0 /* Frameworks */,
				2F27EFF31A598CAF000109A0 /* Resources */,
			);
			buildRules = (
			);
			dependencies = (
				2F27EFFB1A598CAF000109A0 /* PBXTargetDependency */,
			);
			name = XMLTestTests;
			productName = XMLTestTests;
			productReference = 2F27EFF51A598CAF000109A0 /* XMLTestTests.xctest */;
			productType = "com.apple.product-type.bundle.unit-test";
		};
/* End PBXNativeTarget section */

/* Begin PBXProject section */
		2F27EFCC1A598CAE000109A0 /* Project object */ = {
			isa = PBXProject;
			attributes = {
				CLASSPREFIX = BF;
				LastUpgradeCheck = 0500;
				ORGANIZATIONNAME = "Wang Long";
				TargetAttributes = {
					2F27EFF41A598CAF000109A0 = {
						TestTargetID = 2F27EFD31A598CAF000109A0;
					};
				};
			};
			buildConfigurationList = 2F27EFCF1A598CAE000109A0 /* Build configuration list for PBXProject "XMLTest" */;
			compatibilityVersion = "Xcode 3.2";
			developmentRegion = English;
			hasScannedForEncodings = 0;
			knownRegions = (
				en,
				Base,
			);
			mainGroup = 2F27EFCB1A598CAE000109A0;
			productRefGroup = 2F27EFD51A598CAF000109A0 /* Products */;
			projectDirPath = "";
			projectRoot = "";
			targets = (
				2F27EFD31A598CAF000109A0 /* XMLTest */,
				2F27EFF41A598CAF000109A0 /* XMLTestTests */,
			);
		};
/* End PBXProject section */

/* Begin PBXResourcesBuildPhase section */
		2F27EFD21A598CAF000109A0 /* Resources */ = {
			isa = PBXResourcesBuildPhase;
			buildActionMask = 2147483647;
			files = (
				2F22C0E61A5997440091B47B /* Party.xml in Resources */,
				2FF44E511A676A99000B1152 /* products.xml in Resources */,
				2F27EFF01A598CAF000109A0 /* Images.xcassets in Resources */,
				2F27EFE21A598CAF000109A0 /* InfoPlist.strings in Resources */,
				2F27EFEB1A598CAF000109A0 /* Main.storyboard in Resources */,
			);
			runOnlyForDeploymentPostprocessing = 0;
		};
		2F27EFF31A598CAF000109A0 /* Resources */ = {
			isa = PBXResourcesBuildPhase;
			buildActionMask = 2147483647;
			files = (
				2F27F0011A598CB0000109A0 /* InfoPlist.strings in Resources */,
			);
			runOnlyForDeploymentPostprocessing = 0;
		};
/* End PBXResourcesBuildPhase section */

/* Begin PBXSourcesBuildPhase section */
		2F27EFD01A598CAF000109A0 /* Sources */ = {
			isa = PBXSourcesBuildPhase;
			buildActionMask = 2147483647;
			files = (
				2FF44E6E1A67711F000B1152 /* AFURLSessionManager.m in Sources */,
				2FF44E6B1A67711F000B1152 /* AFURLConnectionOperation.m in Sources */,
				2FF44E871A67713A000B1152 /* UIRefreshControl+AFNetworking.m in Sources */,
				2FF44E841A67713A000B1152 /* UIButton+AFNetworking.m in Sources */,
				2FF44E861A67713A000B1152 /* UIProgressView+AFNetworking.m in Sources */,
				2FF44E661A67711F000B1152 /* AFHTTPRequestOperation.m in Sources */,
				2F22C0E91A5997830091B47B /* BFPartyParser.m in Sources */,
				2FF44E831A67713A000B1152 /* UIAlertView+AFNetworking.m in Sources */,
				2FF44E671A67711F000B1152 /* AFHTTPRequestOperationManager.m in Sources */,
				2FF44E4F1A675E6D000B1152 /* NewXMLParser.m in Sources */,
				2F27EFEE1A598CAF000109A0 /* BFViewController.m in Sources */,
				2FF44E851A67713A000B1152 /* UIImageView+AFNetworking.m in Sources */,
				2FF44E681A67711F000B1152 /* AFHTTPSessionManager.m in Sources */,
				2FF44E821A67713A000B1152 /* UIActivityIndicatorView+AFNetworking.m in Sources */,
				2FF44E811A67713A000B1152 /* AFNetworkActivityIndicatorManager.m in Sources */,
				2F22C0E11A5994EC0091B47B /* BFPlayer.m in Sources */,
				2F22C0E41A59967A0091B47B /* BFParty.m in Sources */,
				2F27F00E1A59900F000109A0 /* GDataXMLNode.m in Sources */,
				2FF44E6A1A67711F000B1152 /* AFSecurityPolicy.m in Sources */,
				2F27EFE81A598CAF000109A0 /* BFAppDelegate.m in Sources */,
				2FF44E6C1A67711F000B1152 /* AFURLRequestSerialization.m in Sources */,
				2FF44E691A67711F000B1152 /* AFNetworkReachabilityManager.m in Sources */,
				2FF44E881A67713A000B1152 /* UIWebView+AFNetworking.m in Sources */,
				2FF44E6D1A67711F000B1152 /* AFURLResponseSerialization.m in Sources */,
				2F27EFE41A598CAF000109A0 /* main.m in Sources */,
			);
			runOnlyForDeploymentPostprocessing = 0;
		};
		2F27EFF11A598CAF000109A0 /* Sources */ = {
			isa = PBXSourcesBuildPhase;
			buildActionMask = 2147483647;
			files = (
				2F27F0031A598CB0000109A0 /* XMLTestTests.m in Sources */,
			);
			runOnlyForDeploymentPostprocessing = 0;
		};
/* End PBXSourcesBuildPhase section */

/* Begin PBXTargetDependency section */
		2F27EFFB1A598CAF000109A0 /* PBXTargetDependency */ = {
			isa = PBXTargetDependency;
			target = 2F27EFD31A598CAF000109A0 /* XMLTest */;
			targetProxy = 2F27EFFA1A598CAF000109A0 /* PBXContainerItemProxy */;
		};
/* End PBXTargetDependency section */

/* Begin PBXVariantGroup section */
		2F27EFE01A598CAF000109A0 /* InfoPlist.strings */ = {
			isa = PBXVariantGroup;
			children = (
				2F27EFE11A598CAF000109A0 /* en */,
			);
			name = InfoPlist.strings;
			sourceTree = "<group>";
		};
		2F27EFE91A598CAF000109A0 /* Main.storyboard */ = {
			isa = PBXVariantGroup;
			children = (
				2F27EFEA1A598CAF000109A0 /* Base */,
			);
			name = Main.storyboard;
			sourceTree = "<group>";
		};
		2F27EFFF1A598CB0000109A0 /* InfoPlist.strings */ = {
			isa = PBXVariantGroup;
			children = (
				2F27F0001A598CB0000109A0 /* en */,
			);
			name = InfoPlist.strings;
			sourceTree = "<group>";
		};
/* End PBXVariantGroup section */

/* Begin XCBuildConfiguration section */
		2F27F0041A598CB0000109A0 /* Debug */ = {
			isa = XCBuildConfiguration;
			buildSettings = {
				ALWAYS_SEARCH_USER_PATHS = NO;
				ARCHS = "$(ARCHS_STANDARD_INCLUDING_64_BIT)";
				CLANG_CXX_LANGUAGE_STANDARD = "gnu++0x";
				CLANG_CXX_LIBRARY = "libc++";
				CLANG_ENABLE_MODULES = YES;
				CLANG_ENABLE_OBJC_ARC = YES;
				CLANG_WARN_BOOL_CONVERSION = YES;
				CLANG_WARN_CONSTANT_CONVERSION = YES;
				CLANG_WARN_DIRECT_OBJC_ISA_USAGE = YES_ERROR;
				CLANG_WARN_EMPTY_BODY = YES;
				CLANG_WARN_ENUM_CONVERSION = YES;
				CLANG_WARN_INT_CONVERSION = YES;
				CLANG_WARN_OBJC_ROOT_CLASS = YES_ERROR;
				CLANG_WARN__DUPLICATE_METHOD_MATCH = YES;
				"CODE_SIGN_IDENTITY[sdk=iphoneos*]" = "iPhone Developer";
				COPY_PHASE_STRIP = NO;
				GCC_C_LANGUAGE_STANDARD = gnu99;
				GCC_DYNAMIC_NO_PIC = NO;
				GCC_OPTIMIZATION_LEVEL = 0;
				GCC_PREPROCESSOR_DEFINITIONS = (
					"DEBUG=1",
					"$(inherited)",
				);
				GCC_SYMBOLS_PRIVATE_EXTERN = NO;
				GCC_WARN_64_TO_32_BIT_CONVERSION = YES;
				GCC_WARN_ABOUT_RETURN_TYPE = YES_ERROR;
				GCC_WARN_UNDECLARED_SELECTOR = YES;
				GCC_WARN_UNINITIALIZED_AUTOS = YES;
				GCC_WARN_UNUSED_FUNCTION = YES;
				GCC_WARN_UNUSED_VARIABLE = YES;
				HEADER_SEARCH_PATHS = (
					"$(inherited)",
					/Applications/Xcode5.app/Contents/Developer/Toolchains/XcodeDefault.xctoolchain/usr/include,
					/usr/include/libxml2,
				);
				IPHONEOS_DEPLOYMENT_TARGET = 7.0;
				ONLY_ACTIVE_ARCH = YES;
				OTHER_LDFLAGS = "-lxml2";
				SDKROOT = iphoneos;
			};
			name = Debug;
		};
		2F27F0051A598CB0000109A0 /* Release */ = {
			isa = XCBuildConfiguration;
			buildSettings = {
				ALWAYS_SEARCH_USER_PATHS = NO;
				ARCHS = "$(ARCHS_STANDARD_INCLUDING_64_BIT)";
				CLANG_CXX_LANGUAGE_STANDARD = "gnu++0x";
				CLANG_CXX_LIBRARY = "libc++";
				CLANG_ENABLE_MODULES = YES;
				CLANG_ENABLE_OBJC_ARC = YES;
				CLANG_WARN_BOOL_CONVERSION = YES;
				CLANG_WARN_CONSTANT_CONVERSION = YES;
				CLANG_WARN_DIRECT_OBJC_ISA_USAGE = YES_ERROR;
				CLANG_WARN_EMPTY_BODY = YES;
				CLANG_WARN_ENUM_CONVERSION = YES;
				CLANG_WARN_INT_CONVERSION = YES;
				CLANG_WARN_OBJC_ROOT_CLASS = YES_ERROR;
				CLANG_WARN__DUPLICATE_METHOD_MATCH = YES;
				"CODE_SIGN_IDENTITY[sdk=iphoneos*]" = "iPhone Developer";
				COPY_PHASE_STRIP = YES;
				ENABLE_NS_ASSERTIONS = NO;
				GCC_C_LANGUAGE_STANDARD = gnu99;
				GCC_WARN_64_TO_32_BIT_CONVERSION = YES;
				GCC_WARN_ABOUT_RETURN_TYPE = YES_ERROR;
				GCC_WARN_UNDECLARED_SELECTOR = YES;
				GCC_WARN_UNINITIALIZED_AUTOS = YES;
				GCC_WARN_UNUSED_FUNCTION = YES;
				GCC_WARN_UNUSED_VARIABLE = YES;
				HEADER_SEARCH_PATHS = (
					"$(inherited)",
					/Applications/Xcode5.app/Contents/Developer/Toolchains/XcodeDefault.xctoolchain/usr/include,
					/usr/include/libxml2,
				);
				IPHONEOS_DEPLOYMENT_TARGET = 7.0;
				OTHER_LDFLAGS = "-lxml2";
				SDKROOT = iphoneos;
				VALIDATE_PRODUCT = YES;
			};
			name = Release;
		};
		2F27F0071A598CB0000109A0 /* Debug */ = {
			isa = XCBuildConfiguration;
			buildSettings = {
				ASSETCATALOG_COMPILER_APPICON_NAME = AppIcon;
				ASSETCATALOG_COMPILER_LAUNCHIMAGE_NAME = LaunchImage;
				GCC_PRECOMPILE_PREFIX_HEADER = YES;
				GCC_PREFIX_HEADER = "XMLTest/XMLTest-Prefix.pch";
				INFOPLIST_FILE = "XMLTest/XMLTest-Info.plist";
				IPHONEOS_DEPLOYMENT_TARGET = 7.0;
				PRODUCT_NAME = "$(TARGET_NAME)";
				TARGETED_DEVICE_FAMILY = 1;
				WRAPPER_EXTENSION = app;
			};
			name = Debug;
		};
		2F27F0081A598CB0000109A0 /* Release */ = {
			isa = XCBuildConfiguration;
			buildSettings = {
				ASSETCATALOG_COMPILER_APPICON_NAME = AppIcon;
				ASSETCATALOG_COMPILER_LAUNCHIMAGE_NAME = LaunchImage;
				GCC_PRECOMPILE_PREFIX_HEADER = YES;
				GCC_PREFIX_HEADER = "XMLTest/XMLTest-Prefix.pch";
				INFOPLIST_FILE = "XMLTest/XMLTest-Info.plist";
				IPHONEOS_DEPLOYMENT_TARGET = 7.0;
				PRODUCT_NAME = "$(TARGET_NAME)";
				TARGETED_DEVICE_FAMILY = 1;
				WRAPPER_EXTENSION = app;
			};
			name = Release;
		};
		2F27F00A1A598CB0000109A0 /* Debug */ = {
			isa = XCBuildConfiguration;
			buildSettings = {
				ARCHS = "$(ARCHS_STANDARD_INCLUDING_64_BIT)";
				BUNDLE_LOADER = "$(BUILT_PRODUCTS_DIR)/XMLTest.app/XMLTest";
				FRAMEWORK_SEARCH_PATHS = (
					"$(SDKROOT)/Developer/Library/Frameworks",
					"$(inherited)",
					"$(DEVELOPER_FRAMEWORKS_DIR)",
				);
				GCC_PRECOMPILE_PREFIX_HEADER = YES;
				GCC_PREFIX_HEADER = "XMLTest/XMLTest-Prefix.pch";
				GCC_PREPROCESSOR_DEFINITIONS = (
					"DEBUG=1",
					"$(inherited)",
				);
				INFOPLIST_FILE = "XMLTestTests/XMLTestTests-Info.plist";
				PRODUCT_NAME = "$(TARGET_NAME)";
				TEST_HOST = "$(BUNDLE_LOADER)";
				WRAPPER_EXTENSION = xctest;
			};
			name = Debug;
		};
		2F27F00B1A598CB0000109A0 /* Release */ = {
			isa = XCBuildConfiguration;
			buildSettings = {
				ARCHS = "$(ARCHS_STANDARD_INCLUDING_64_BIT)";
				BUNDLE_LOADER = "$(BUILT_PRODUCTS_DIR)/XMLTest.app/XMLTest";
				FRAMEWORK_SEARCH_PATHS = (
					"$(SDKROOT)/Developer/Library/Frameworks",
					"$(inherited)",
					"$(DEVELOPER_FRAMEWORKS_DIR)",
				);
				GCC_PRECOMPILE_PREFIX_HEADER = YES;
				GCC_PREFIX_HEADER = "XMLTest/XMLTest-Prefix.pch";
				INFOPLIST_FILE = "XMLTestTests/XMLTestTests-Info.plist";
				PRODUCT_NAME = "$(TARGET_NAME)";
				TEST_HOST = "$(BUNDLE_LOADER)";
				WRAPPER_EXTENSION = xctest;
			};
			name = Release;
		};
/* End XCBuildConfiguration section */

/* Begin XCConfigurationList section */
		2F27EFCF1A598CAE000109A0 /* Build configuration list for PBXProject "XMLTest" */ = {
			isa = XCConfigurationList;
			buildConfigurations = (
				2F27F0041A598CB0000109A0 /* Debug */,
				2F27F0051A598CB0000109A0 /* Release */,
			);
			defaultConfigurationIsVisible = 0;
			defaultConfigurationName = Release;
		};
		2F27F0061A598CB0000109A0 /* Build configuration list for PBXNativeTarget "XMLTest" */ = {
			isa = XCConfigurationList;
			buildConfigurations = (
				2F27F0071A598CB0000109A0 /* Debug */,
				2F27F0081A598CB0000109A0 /* Release */,
			);
			defaultConfigurationIsVisible = 0;
			defaultConfigurationName = Release;
		};
		2F27F0091A598CB0000109A0 /* Build configuration list for PBXNativeTarget "XMLTestTests" */ = {
			isa = XCConfigurationList;
			buildConfigurations = (
				2F27F00A1A598CB0000109A0 /* Debug */,
				2F27F00B1A598CB0000109A0 /* Release */,
			);
			defaultConfigurationIsVisible = 0;
			defaultConfigurationName = Release;
		};
/* End XCConfigurationList section */
	};
	rootObject = 2F27EFCC1A598CAE000109A0 /* Project object */;
}
